// !$*UTF8*$!
{
	archiveVersion = 1;
	classes = {
	};
	objectVersion = 48;
	objects = {

/* Begin PBXBuildFile section */
		0058124851FFF8B3BB5ADE1F /* Pods_WeatherForecast.framework in Frameworks */ = {isa = PBXBuildFile; fileRef = 69D1D57DBB97F3BDA8F200FA /* Pods_WeatherForecast.framework */; };
		04421BC71FEE3D32009606BB /* WeatherForecastCell.swift in Sources */ = {isa = PBXBuildFile; fileRef = 04421BC61FEE3D32009606BB /* WeatherForecastCell.swift */; };
		093258641FFCBEED0071E1B0 /* DateUtil.swift in Sources */ = {isa = PBXBuildFile; fileRef = 093258631FFCBEED0071E1B0 /* DateUtil.swift */; };
		093258711FFCC1B80071E1B0 /* WeatherForecastTests.swift in Sources */ = {isa = PBXBuildFile; fileRef = 093258701FFCC1B80071E1B0 /* WeatherForecastTests.swift */; };
		23315014F70841A8BA6F18B0 /* Pods_WeatherForecastTests.framework in Frameworks */ = {isa = PBXBuildFile; fileRef = 1A8D05D1F5934D6F33D6DCD9 /* Pods_WeatherForecastTests.framework */; };
		B6054A4654D62CA0467CBF70 /* Pods_WeatherForecastUITests.framework in Frameworks */ = {isa = PBXBuildFile; fileRef = 1DA3E66A320B7ACA0CE33CFB /* Pods_WeatherForecastUITests.framework */; };
		C82B2D661FE9508100BA40AF /* AppDelegate.swift in Sources */ = {isa = PBXBuildFile; fileRef = C82B2D651FE9508100BA40AF /* AppDelegate.swift */; };
		C82B2D681FE9508100BA40AF /* ViewController.swift in Sources */ = {isa = PBXBuildFile; fileRef = C82B2D671FE9508100BA40AF /* ViewController.swift */; };
		C82B2D6B1FE9508100BA40AF /* Main.storyboard in Resources */ = {isa = PBXBuildFile; fileRef = C82B2D691FE9508100BA40AF /* Main.storyboard */; };
		C82B2D6D1FE9508100BA40AF /* Assets.xcassets in Resources */ = {isa = PBXBuildFile; fileRef = C82B2D6C1FE9508100BA40AF /* Assets.xcassets */; };
		C82B2D701FE9508100BA40AF /* LaunchScreen.storyboard in Resources */ = {isa = PBXBuildFile; fileRef = C82B2D6E1FE9508100BA40AF /* LaunchScreen.storyboard */; };
		C82B2D861FE9508100BA40AF /* WeatherForecastUITests.swift in Sources */ = {isa = PBXBuildFile; fileRef = C82B2D851FE9508100BA40AF /* WeatherForecastUITests.swift */; };
		C82B2D9B1FEB8E2200BA40AF /* WeatherForecastViewModel.swift in Sources */ = {isa = PBXBuildFile; fileRef = C82B2D9A1FEB8E2200BA40AF /* WeatherForecastViewModel.swift */; };
		C82B2D9D1FEB8E4900BA40AF /* WeatherForecastService.swift in Sources */ = {isa = PBXBuildFile; fileRef = C82B2D9C1FEB8E4900BA40AF /* WeatherForecastService.swift */; };
/* End PBXBuildFile section */

/* Begin PBXContainerItemProxy section */
		093258731FFCC1B80071E1B0 /* PBXContainerItemProxy */ = {
			isa = PBXContainerItemProxy;
			containerPortal = C82B2D5A1FE9508100BA40AF /* Project object */;
			proxyType = 1;
			remoteGlobalIDString = C82B2D611FE9508100BA40AF;
			remoteInfo = WeatherForecast;
		};
		C82B2D821FE9508100BA40AF /* PBXContainerItemProxy */ = {
			isa = PBXContainerItemProxy;
			containerPortal = C82B2D5A1FE9508100BA40AF /* Project object */;
			proxyType = 1;
			remoteGlobalIDString = C82B2D611FE9508100BA40AF;
			remoteInfo = WeatherApp;
		};
/* End PBXContainerItemProxy section */

/* Begin PBXFileReference section */
		04421BC61FEE3D32009606BB /* WeatherForecastCell.swift */ = {isa = PBXFileReference; lastKnownFileType = sourcecode.swift; path = WeatherForecastCell.swift; sourceTree = "<group>"; };
		093258631FFCBEED0071E1B0 /* DateUtil.swift */ = {isa = PBXFileReference; lastKnownFileType = sourcecode.swift; path = DateUtil.swift; sourceTree = "<group>"; };
		0932586E1FFCC1B70071E1B0 /* WeatherForecastTests.xctest */ = {isa = PBXFileReference; explicitFileType = wrapper.cfbundle; includeInIndex = 0; path = WeatherForecastTests.xctest; sourceTree = BUILT_PRODUCTS_DIR; };
		093258701FFCC1B80071E1B0 /* WeatherForecastTests.swift */ = {isa = PBXFileReference; lastKnownFileType = sourcecode.swift; path = WeatherForecastTests.swift; sourceTree = "<group>"; };
		093258721FFCC1B80071E1B0 /* Info.plist */ = {isa = PBXFileReference; lastKnownFileType = text.plist.xml; path = Info.plist; sourceTree = "<group>"; };
		1A8D05D1F5934D6F33D6DCD9 /* Pods_WeatherForecastTests.framework */ = {isa = PBXFileReference; explicitFileType = wrapper.framework; includeInIndex = 0; path = Pods_WeatherForecastTests.framework; sourceTree = BUILT_PRODUCTS_DIR; };
		1DA3E66A320B7ACA0CE33CFB /* Pods_WeatherForecastUITests.framework */ = {isa = PBXFileReference; explicitFileType = wrapper.framework; includeInIndex = 0; path = Pods_WeatherForecastUITests.framework; sourceTree = BUILT_PRODUCTS_DIR; };
		45AE67393DB4069079725E6E /* Pods-WeatherForecastUITests.debug.xcconfig */ = {isa = PBXFileReference; includeInIndex = 1; lastKnownFileType = text.xcconfig; name = "Pods-WeatherForecastUITests.debug.xcconfig"; path = "Pods/Target Support Files/Pods-WeatherForecastUITests/Pods-WeatherForecastUITests.debug.xcconfig"; sourceTree = "<group>"; };
		4D186D5F02187F020E030F14 /* Pods-WeatherForecast.debug.xcconfig */ = {isa = PBXFileReference; includeInIndex = 1; lastKnownFileType = text.xcconfig; name = "Pods-WeatherForecast.debug.xcconfig"; path = "Pods/Target Support Files/Pods-WeatherForecast/Pods-WeatherForecast.debug.xcconfig"; sourceTree = "<group>"; };
		5A8D71A3ECC33520C9DF9CE4 /* Pods-WeatherForecast.release.xcconfig */ = {isa = PBXFileReference; includeInIndex = 1; lastKnownFileType = text.xcconfig; name = "Pods-WeatherForecast.release.xcconfig"; path = "Pods/Target Support Files/Pods-WeatherForecast/Pods-WeatherForecast.release.xcconfig"; sourceTree = "<group>"; };
		69D1D57DBB97F3BDA8F200FA /* Pods_WeatherForecast.framework */ = {isa = PBXFileReference; explicitFileType = wrapper.framework; includeInIndex = 0; path = Pods_WeatherForecast.framework; sourceTree = BUILT_PRODUCTS_DIR; };
		A6F2DF52427F8FEFCB4320D5 /* Pods-WeatherForecastUITests.release.xcconfig */ = {isa = PBXFileReference; includeInIndex = 1; lastKnownFileType = text.xcconfig; name = "Pods-WeatherForecastUITests.release.xcconfig"; path = "Pods/Target Support Files/Pods-WeatherForecastUITests/Pods-WeatherForecastUITests.release.xcconfig"; sourceTree = "<group>"; };
		C82B2D621FE9508100BA40AF /* WeatherForecast.app */ = {isa = PBXFileReference; explicitFileType = wrapper.application; includeInIndex = 0; path = WeatherForecast.app; sourceTree = BUILT_PRODUCTS_DIR; };
		C82B2D651FE9508100BA40AF /* AppDelegate.swift */ = {isa = PBXFileReference; lastKnownFileType = sourcecode.swift; path = AppDelegate.swift; sourceTree = "<group>"; };
		C82B2D671FE9508100BA40AF /* ViewController.swift */ = {isa = PBXFileReference; lastKnownFileType = sourcecode.swift; path = ViewController.swift; sourceTree = "<group>"; };
		C82B2D6A1FE9508100BA40AF /* Base */ = {isa = PBXFileReference; lastKnownFileType = file.storyboard; name = Base; path = Base.lproj/Main.storyboard; sourceTree = "<group>"; };
		C82B2D6C1FE9508100BA40AF /* Assets.xcassets */ = {isa = PBXFileReference; lastKnownFileType = folder.assetcatalog; path = Assets.xcassets; sourceTree = "<group>"; };
		C82B2D6F1FE9508100BA40AF /* Base */ = {isa = PBXFileReference; lastKnownFileType = file.storyboard; name = Base; path = Base.lproj/LaunchScreen.storyboard; sourceTree = "<group>"; };
		C82B2D711FE9508100BA40AF /* Info.plist */ = {isa = PBXFileReference; lastKnownFileType = text.plist.xml; path = Info.plist; sourceTree = "<group>"; };
		C82B2D811FE9508100BA40AF /* WeatherForecastUITests.xctest */ = {isa = PBXFileReference; explicitFileType = wrapper.cfbundle; includeInIndex = 0; path = WeatherForecastUITests.xctest; sourceTree = BUILT_PRODUCTS_DIR; };
		C82B2D851FE9508100BA40AF /* WeatherForecastUITests.swift */ = {isa = PBXFileReference; lastKnownFileType = sourcecode.swift; path = WeatherForecastUITests.swift; sourceTree = "<group>"; };
		C82B2D871FE9508100BA40AF /* Info.plist */ = {isa = PBXFileReference; lastKnownFileType = text.plist.xml; path = Info.plist; sourceTree = "<group>"; };
		C82B2D9A1FEB8E2200BA40AF /* WeatherForecastViewModel.swift */ = {isa = PBXFileReference; lastKnownFileType = sourcecode.swift; path = WeatherForecastViewModel.swift; sourceTree = "<group>"; };
		C82B2D9C1FEB8E4900BA40AF /* WeatherForecastService.swift */ = {isa = PBXFileReference; lastKnownFileType = sourcecode.swift; path = WeatherForecastService.swift; sourceTree = "<group>"; };
		F16E1AA2181F2D35A5947E58 /* Pods-WeatherForecastTests.debug.xcconfig */ = {isa = PBXFileReference; includeInIndex = 1; lastKnownFileType = text.xcconfig; name = "Pods-WeatherForecastTests.debug.xcconfig"; path = "Pods/Target Support Files/Pods-WeatherForecastTests/Pods-WeatherForecastTests.debug.xcconfig"; sourceTree = "<group>"; };
		F2B99A2065BBDDD25BF6EE64 /* Pods-WeatherForecastTests.release.xcconfig */ = {isa = PBXFileReference; includeInIndex = 1; lastKnownFileType = text.xcconfig; name = "Pods-WeatherForecastTests.release.xcconfig"; path = "Pods/Target Support Files/Pods-WeatherForecastTests/Pods-WeatherForecastTests.release.xcconfig"; sourceTree = "<group>"; };
/* End PBXFileReference section */

/* Begin PBXFrameworksBuildPhase section */
		0932586B1FFCC1B70071E1B0 /* Frameworks */ = {
			isa = PBXFrameworksBuildPhase;
			buildActionMask = 2147483647;
			files = (
				23315014F70841A8BA6F18B0 /* Pods_WeatherForecastTests.framework in Frameworks */,
			);
			runOnlyForDeploymentPostprocessing = 0;
		};
		C82B2D5F1FE9508100BA40AF /* Frameworks */ = {
			isa = PBXFrameworksBuildPhase;
			buildActionMask = 2147483647;
			files = (
				0058124851FFF8B3BB5ADE1F /* Pods_WeatherForecast.framework in Frameworks */,
			);
			runOnlyForDeploymentPostprocessing = 0;
		};
		C82B2D7E1FE9508100BA40AF /* Frameworks */ = {
			isa = PBXFrameworksBuildPhase;
			buildActionMask = 2147483647;
			files = (
				B6054A4654D62CA0467CBF70 /* Pods_WeatherForecastUITests.framework in Frameworks */,
			);
			runOnlyForDeploymentPostprocessing = 0;
		};
/* End PBXFrameworksBuildPhase section */

/* Begin PBXGroup section */
		093258621FFCBECF0071E1B0 /* Utility */ = {
			isa = PBXGroup;
			children = (
				093258631FFCBEED0071E1B0 /* DateUtil.swift */,
			);
			path = Utility;
			sourceTree = "<group>";
		};
		0932586F1FFCC1B80071E1B0 /* WeatherForecastTests */ = {
			isa = PBXGroup;
			children = (
				093258701FFCC1B80071E1B0 /* WeatherForecastTests.swift */,
				093258721FFCC1B80071E1B0 /* Info.plist */,
			);
			path = WeatherForecastTests;
			sourceTree = "<group>";
		};
		2FFB087CE1C16430B279572E /* Frameworks */ = {
			isa = PBXGroup;
			children = (
				69D1D57DBB97F3BDA8F200FA /* Pods_WeatherForecast.framework */,
				1A8D05D1F5934D6F33D6DCD9 /* Pods_WeatherForecastTests.framework */,
				1DA3E66A320B7ACA0CE33CFB /* Pods_WeatherForecastUITests.framework */,
			);
			name = Frameworks;
			sourceTree = "<group>";
		};
		41A123658242346EA9A2BE7B /* Pods */ = {
			isa = PBXGroup;
			children = (
				4D186D5F02187F020E030F14 /* Pods-WeatherForecast.debug.xcconfig */,
				5A8D71A3ECC33520C9DF9CE4 /* Pods-WeatherForecast.release.xcconfig */,
				F16E1AA2181F2D35A5947E58 /* Pods-WeatherForecastTests.debug.xcconfig */,
				F2B99A2065BBDDD25BF6EE64 /* Pods-WeatherForecastTests.release.xcconfig */,
				45AE67393DB4069079725E6E /* Pods-WeatherForecastUITests.debug.xcconfig */,
				A6F2DF52427F8FEFCB4320D5 /* Pods-WeatherForecastUITests.release.xcconfig */,
			);
			name = Pods;
			sourceTree = "<group>";
		};
		C82B2D591FE9508100BA40AF = {
			isa = PBXGroup;
			children = (
				C82B2D641FE9508100BA40AF /* WeatherForecast */,
				C82B2D841FE9508100BA40AF /* WeatherForecastUITests */,
				0932586F1FFCC1B80071E1B0 /* WeatherForecastTests */,
				C82B2D631FE9508100BA40AF /* Products */,
				41A123658242346EA9A2BE7B /* Pods */,
				2FFB087CE1C16430B279572E /* Frameworks */,
			);
			sourceTree = "<group>";
		};
		C82B2D631FE9508100BA40AF /* Products */ = {
			isa = PBXGroup;
			children = (
				C82B2D621FE9508100BA40AF /* WeatherForecast.app */,
				C82B2D811FE9508100BA40AF /* WeatherForecastUITests.xctest */,
				0932586E1FFCC1B70071E1B0 /* WeatherForecastTests.xctest */,
			);
			name = Products;
			sourceTree = "<group>";
		};
		C82B2D641FE9508100BA40AF /* WeatherForecast */ = {
			isa = PBXGroup;
			children = (
				093258621FFCBECF0071E1B0 /* Utility */,
				C82B2D991FEB8DF500BA40AF /* Service */,
				C82B2D981FEB8DE000BA40AF /* Controller */,
				C82B2D971FEB8DD900BA40AF /* View */,
				C82B2D961FEB8DCE00BA40AF /* ViewModel */,
				C82B2D951FEB8DC100BA40AF /* AppDelegate */,
				C82B2D6C1FE9508100BA40AF /* Assets.xcassets */,
				C82B2D711FE9508100BA40AF /* Info.plist */,
				C82B2D6E1FE9508100BA40AF /* LaunchScreen.storyboard */,
			);
			path = WeatherForecast;
			sourceTree = "<group>";
		};
		C82B2D841FE9508100BA40AF /* WeatherForecastUITests */ = {
			isa = PBXGroup;
			children = (
				C82B2D851FE9508100BA40AF /* WeatherForecastUITests.swift */,
				C82B2D871FE9508100BA40AF /* Info.plist */,
			);
			path = WeatherForecastUITests;
			sourceTree = "<group>";
		};
		C82B2D951FEB8DC100BA40AF /* AppDelegate */ = {
			isa = PBXGroup;
			children = (
				C82B2D651FE9508100BA40AF /* AppDelegate.swift */,
			);
			path = AppDelegate;
			sourceTree = "<group>";
		};
		C82B2D961FEB8DCE00BA40AF /* ViewModel */ = {
			isa = PBXGroup;
			children = (
				C82B2D9A1FEB8E2200BA40AF /* WeatherForecastViewModel.swift */,
			);
			path = ViewModel;
			sourceTree = "<group>";
		};
		C82B2D971FEB8DD900BA40AF /* View */ = {
			isa = PBXGroup;
			children = (
				C82B2D691FE9508100BA40AF /* Main.storyboard */,
				04421BC61FEE3D32009606BB /* WeatherForecastCell.swift */,
			);
			path = View;
			sourceTree = "<group>";
		};
		C82B2D981FEB8DE000BA40AF /* Controller */ = {
			isa = PBXGroup;
			children = (
				C82B2D671FE9508100BA40AF /* ViewController.swift */,
			);
			path = Controller;
			sourceTree = "<group>";
		};
		C82B2D991FEB8DF500BA40AF /* Service */ = {
			isa = PBXGroup;
			children = (
				C82B2D9C1FEB8E4900BA40AF /* WeatherForecastService.swift */,
			);
			path = Service;
			sourceTree = "<group>";
		};
/* End PBXGroup section */

/* Begin PBXNativeTarget section */
		0932586D1FFCC1B70071E1B0 /* WeatherForecastTests */ = {
			isa = PBXNativeTarget;
			buildConfigurationList = 093258751FFCC1B80071E1B0 /* Build configuration list for PBXNativeTarget "WeatherForecastTests" */;
			buildPhases = (
				66D3FF9D063C474725C6F2F0 /* [CP] Check Pods Manifest.lock */,
				0932586A1FFCC1B70071E1B0 /* Sources */,
				0932586B1FFCC1B70071E1B0 /* Frameworks */,
				0932586C1FFCC1B70071E1B0 /* Resources */,
				62252D50B2128CAE314D1058 /* [CP] Embed Pods Frameworks */,
				0C49D9E709578E05403646D3 /* [CP] Copy Pods Resources */,
			);
			buildRules = (
			);
			dependencies = (
				093258741FFCC1B80071E1B0 /* PBXTargetDependency */,
			);
			name = WeatherForecastTests;
			productName = WeatherForecastTests;
			productReference = 0932586E1FFCC1B70071E1B0 /* WeatherForecastTests.xctest */;
			productType = "com.apple.product-type.bundle.unit-test";
		};
		C82B2D611FE9508100BA40AF /* WeatherForecast */ = {
			isa = PBXNativeTarget;
			buildConfigurationList = C82B2D8A1FE9508100BA40AF /* Build configuration list for PBXNativeTarget "WeatherForecast" */;
			buildPhases = (
				6C1D113E6F3B1E52BBEC77C4 /* [CP] Check Pods Manifest.lock */,
				C82B2D5E1FE9508100BA40AF /* Sources */,
				C82B2D5F1FE9508100BA40AF /* Frameworks */,
				C82B2D601FE9508100BA40AF /* Resources */,
				D2EB527B9A4DFA05410E536B /* [CP] Embed Pods Frameworks */,
				DB60ECFAF837ECF09F138B59 /* [CP] Copy Pods Resources */,
			);
			buildRules = (
			);
			dependencies = (
			);
			name = WeatherForecast;
			productName = WeatherApp;
			productReference = C82B2D621FE9508100BA40AF /* WeatherForecast.app */;
			productType = "com.apple.product-type.application";
		};
		C82B2D801FE9508100BA40AF /* WeatherForecastUITests */ = {
			isa = PBXNativeTarget;
			buildConfigurationList = C82B2D901FE9508100BA40AF /* Build configuration list for PBXNativeTarget "WeatherForecastUITests" */;
			buildPhases = (
				6CC82A522E99F3DD7CE8110E /* [CP] Check Pods Manifest.lock */,
				C82B2D7D1FE9508100BA40AF /* Sources */,
				C82B2D7E1FE9508100BA40AF /* Frameworks */,
				C82B2D7F1FE9508100BA40AF /* Resources */,
				B6AF48DC102A13A93A6D7863 /* [CP] Embed Pods Frameworks */,
				B27199885166DB2147FF52AC /* [CP] Copy Pods Resources */,
			);
			buildRules = (
			);
			dependencies = (
				C82B2D831FE9508100BA40AF /* PBXTargetDependency */,
			);
			name = WeatherForecastUITests;
			productName = WeatherAppUITests;
			productReference = C82B2D811FE9508100BA40AF /* WeatherForecastUITests.xctest */;
			productType = "com.apple.product-type.bundle.ui-testing";
		};
/* End PBXNativeTarget section */

/* Begin PBXProject section */
		C82B2D5A1FE9508100BA40AF /* Project object */ = {
			isa = PBXProject;
			attributes = {
				LastSwiftUpdateCheck = 0910;
				LastUpgradeCheck = 0900;
				ORGANIZATIONNAME = "Raju Potharaju";
				TargetAttributes = {
					0932586D1FFCC1B70071E1B0 = {
						CreatedOnToolsVersion = 9.1;
						ProvisioningStyle = Automatic;
						TestTargetID = C82B2D611FE9508100BA40AF;
					};
					C82B2D611FE9508100BA40AF = {
						CreatedOnToolsVersion = 9.0.1;
						ProvisioningStyle = Automatic;
					};
					C82B2D801FE9508100BA40AF = {
						CreatedOnToolsVersion = 9.0.1;
						ProvisioningStyle = Automatic;
						TestTargetID = C82B2D611FE9508100BA40AF;
					};
				};
			};
			buildConfigurationList = C82B2D5D1FE9508100BA40AF /* Build configuration list for PBXProject "WeatherForecast" */;
			compatibilityVersion = "Xcode 8.0";
			developmentRegion = en;
			hasScannedForEncodings = 0;
			knownRegions = (
				en,
				Base,
			);
			mainGroup = C82B2D591FE9508100BA40AF;
			productRefGroup = C82B2D631FE9508100BA40AF /* Products */;
			projectDirPath = "";
			projectRoot = "";
			targets = (
				C82B2D611FE9508100BA40AF /* WeatherForecast */,
				C82B2D801FE9508100BA40AF /* WeatherForecastUITests */,
				0932586D1FFCC1B70071E1B0 /* WeatherForecastTests */,
			);
		};
/* End PBXProject section */

/* Begin PBXResourcesBuildPhase section */
		0932586C1FFCC1B70071E1B0 /* Resources */ = {
			isa = PBXResourcesBuildPhase;
			buildActionMask = 2147483647;
			files = (
			);
			runOnlyForDeploymentPostprocessing = 0;
		};
		C82B2D601FE9508100BA40AF /* Resources */ = {
			isa = PBXResourcesBuildPhase;
			buildActionMask = 2147483647;
			files = (
				C82B2D701FE9508100BA40AF /* LaunchScreen.storyboard in Resources */,
				C82B2D6D1FE9508100BA40AF /* Assets.xcassets in Resources */,
				C82B2D6B1FE9508100BA40AF /* Main.storyboard in Resources */,
			);
			runOnlyForDeploymentPostprocessing = 0;
		};
		C82B2D7F1FE9508100BA40AF /* Resources */ = {
			isa = PBXResourcesBuildPhase;
			buildActionMask = 2147483647;
			files = (
			);
			runOnlyForDeploymentPostprocessing = 0;
		};
/* End PBXResourcesBuildPhase section */

/* Begin PBXShellScriptBuildPhase section */
		0C49D9E709578E05403646D3 /* [CP] Copy Pods Resources */ = {
			isa = PBXShellScriptBuildPhase;
			buildActionMask = 2147483647;
			files = (
			);
			inputPaths = (
			);
			name = "[CP] Copy Pods Resources";
			outputPaths = (
			);
			runOnlyForDeploymentPostprocessing = 0;
			shellPath = /bin/sh;
			shellScript = "\"${SRCROOT}/Pods/Target Support Files/Pods-WeatherForecastTests/Pods-WeatherForecastTests-resources.sh\"\n";
			showEnvVarsInLog = 0;
		};
		62252D50B2128CAE314D1058 /* [CP] Embed Pods Frameworks */ = {
			isa = PBXShellScriptBuildPhase;
			buildActionMask = 2147483647;
			files = (
			);
			inputPaths = (
			);
			name = "[CP] Embed Pods Frameworks";
			outputPaths = (
			);
			runOnlyForDeploymentPostprocessing = 0;
			shellPath = /bin/sh;
			shellScript = "\"${SRCROOT}/Pods/Target Support Files/Pods-WeatherForecastTests/Pods-WeatherForecastTests-frameworks.sh\"\n";
			showEnvVarsInLog = 0;
		};
		66D3FF9D063C474725C6F2F0 /* [CP] Check Pods Manifest.lock */ = {
			isa = PBXShellScriptBuildPhase;
			buildActionMask = 2147483647;
			files = (
			);
			inputPaths = (
			);
			name = "[CP] Check Pods Manifest.lock";
			outputPaths = (
			);
			runOnlyForDeploymentPostprocessing = 0;
			shellPath = /bin/sh;
			shellScript = "diff \"${PODS_ROOT}/../Podfile.lock\" \"${PODS_ROOT}/Manifest.lock\" > /dev/null\nif [ $? != 0 ] ; then\n    # print error to STDERR\n    echo \"error: The sandbox is not in sync with the Podfile.lock. Run 'pod install' or update your CocoaPods installation.\" >&2\n    exit 1\nfi\n";
			showEnvVarsInLog = 0;
		};
		6C1D113E6F3B1E52BBEC77C4 /* [CP] Check Pods Manifest.lock */ = {
			isa = PBXShellScriptBuildPhase;
			buildActionMask = 2147483647;
			files = (
			);
			inputPaths = (
				"${PODS_PODFILE_DIR_PATH}/Podfile.lock",
				"${PODS_ROOT}/Manifest.lock",
			);
			name = "[CP] Check Pods Manifest.lock";
			outputPaths = (
				"$(DERIVED_FILE_DIR)/Pods-WeatherApp-checkManifestLockResult.txt",
			);
			runOnlyForDeploymentPostprocessing = 0;
			shellPath = /bin/sh;
			shellScript = "diff \"${PODS_ROOT}/../Podfile.lock\" \"${PODS_ROOT}/Manifest.lock\" > /dev/null\nif [ $? != 0 ] ; then\n    # print error to STDERR\n    echo \"error: The sandbox is not in sync with the Podfile.lock. Run 'pod install' or update your CocoaPods installation.\" >&2\n    exit 1\nfi\n";
			showEnvVarsInLog = 0;
		};
		6CC82A522E99F3DD7CE8110E /* [CP] Check Pods Manifest.lock */ = {
			isa = PBXShellScriptBuildPhase;
			buildActionMask = 2147483647;
			files = (
			);
			inputPaths = (
				"${PODS_PODFILE_DIR_PATH}/Podfile.lock",
				"${PODS_ROOT}/Manifest.lock",
			);
			name = "[CP] Check Pods Manifest.lock";
			outputPaths = (
				"$(DERIVED_FILE_DIR)/Pods-WeatherAppUITests-checkManifestLockResult.txt",
			);
			runOnlyForDeploymentPostprocessing = 0;
			shellPath = /bin/sh;
			shellScript = "diff \"${PODS_ROOT}/../Podfile.lock\" \"${PODS_ROOT}/Manifest.lock\" > /dev/null\nif [ $? != 0 ] ; then\n    # print error to STDERR\n    echo \"error: The sandbox is not in sync with the Podfile.lock. Run 'pod install' or update your CocoaPods installation.\" >&2\n    exit 1\nfi\n";
			showEnvVarsInLog = 0;
		};
		B27199885166DB2147FF52AC /* [CP] Copy Pods Resources */ = {
			isa = PBXShellScriptBuildPhase;
			buildActionMask = 2147483647;
			files = (
			);
			inputPaths = (
			);
			name = "[CP] Copy Pods Resources";
			outputPaths = (
			);
			runOnlyForDeploymentPostprocessing = 0;
			shellPath = /bin/sh;
			shellScript = "\"${SRCROOT}/Pods/Target Support Files/Pods-WeatherForecastUITests/Pods-WeatherForecastUITests-resources.sh\"\n";
			showEnvVarsInLog = 0;
		};
		B6AF48DC102A13A93A6D7863 /* [CP] Embed Pods Frameworks */ = {
			isa = PBXShellScriptBuildPhase;
			buildActionMask = 2147483647;
			files = (
			);
			inputPaths = (
			);
			name = "[CP] Embed Pods Frameworks";
			outputPaths = (
			);
			runOnlyForDeploymentPostprocessing = 0;
			shellPath = /bin/sh;
			shellScript = "\"${SRCROOT}/Pods/Target Support Files/Pods-WeatherForecastUITests/Pods-WeatherForecastUITests-frameworks.sh\"\n";
			showEnvVarsInLog = 0;
		};
		D2EB527B9A4DFA05410E536B /* [CP] Embed Pods Frameworks */ = {
			isa = PBXShellScriptBuildPhase;
			buildActionMask = 2147483647;
			files = (
			);
			inputPaths = (
				"${SRCROOT}/Pods/Target Support Files/Pods-WeatherApp/Pods-WeatherApp-frameworks.sh",
				"${BUILT_PRODUCTS_DIR}/PromiseKit/PromiseKit.framework",
			);
			name = "[CP] Embed Pods Frameworks";
			outputPaths = (
				"${TARGET_BUILD_DIR}/${FRAMEWORKS_FOLDER_PATH}/PromiseKit.framework",
			);
			runOnlyForDeploymentPostprocessing = 0;
			shellPath = /bin/sh;
			shellScript = "\"${SRCROOT}/Pods/Target Support Files/Pods-WeatherForecast/Pods-WeatherForecast-frameworks.sh\"\n";
			showEnvVarsInLog = 0;
		};
		DB60ECFAF837ECF09F138B59 /* [CP] Copy Pods Resources */ = {
			isa = PBXShellScriptBuildPhase;
			buildActionMask = 2147483647;
			files = (
			);
			inputPaths = (
			);
			name = "[CP] Copy Pods Resources";
			outputPaths = (
			);
			runOnlyForDeploymentPostprocessing = 0;
			shellPath = /bin/sh;
			shellScript = "\"${SRCROOT}/Pods/Target Support Files/Pods-WeatherForecast/Pods-WeatherForecast-resources.sh\"\n";
			showEnvVarsInLog = 0;
		};
/* End PBXShellScriptBuildPhase section */

/* Begin PBXSourcesBuildPhase section */
		0932586A1FFCC1B70071E1B0 /* Sources */ = {
			isa = PBXSourcesBuildPhase;
			buildActionMask = 2147483647;
			files = (
				093258711FFCC1B80071E1B0 /* WeatherForecastTests.swift in Sources */,
			);
			runOnlyForDeploymentPostprocessing = 0;
		};
		C82B2D5E1FE9508100BA40AF /* Sources */ = {
			isa = PBXSourcesBuildPhase;
			buildActionMask = 2147483647;
			files = (
				C82B2D9D1FEB8E4900BA40AF /* WeatherForecastService.swift in Sources */,
				C82B2D681FE9508100BA40AF /* ViewController.swift in Sources */,
				04421BC71FEE3D32009606BB /* WeatherForecastCell.swift in Sources */,
				093258641FFCBEED0071E1B0 /* DateUtil.swift in Sources */,
				C82B2D9B1FEB8E2200BA40AF /* WeatherForecastViewModel.swift in Sources */,
				C82B2D661FE9508100BA40AF /* AppDelegate.swift in Sources */,
			);
			runOnlyForDeploymentPostprocessing = 0;
		};
		C82B2D7D1FE9508100BA40AF /* Sources */ = {
			isa = PBXSourcesBuildPhase;
			buildActionMask = 2147483647;
			files = (
				C82B2D861FE9508100BA40AF /* WeatherForecastUITests.swift in Sources */,
			);
			runOnlyForDeploymentPostprocessing = 0;
		};
/* End PBXSourcesBuildPhase section */

/* Begin PBXTargetDependency section */
		093258741FFCC1B80071E1B0 /* PBXTargetDependency */ = {
			isa = PBXTargetDependency;
			target = C82B2D611FE9508100BA40AF /* WeatherForecast */;
			targetProxy = 093258731FFCC1B80071E1B0 /* PBXContainerItemProxy */;
		};
		C82B2D831FE9508100BA40AF /* PBXTargetDependency */ = {
			isa = PBXTargetDependency;
			target = C82B2D611FE9508100BA40AF /* WeatherForecast */;
			targetProxy = C82B2D821FE9508100BA40AF /* PBXContainerItemProxy */;
		};
/* End PBXTargetDependency section */

/* Begin PBXVariantGroup section */
		C82B2D691FE9508100BA40AF /* Main.storyboard */ = {
			isa = PBXVariantGroup;
			children = (
				C82B2D6A1FE9508100BA40AF /* Base */,
			);
			name = Main.storyboard;
			sourceTree = "<group>";
		};
		C82B2D6E1FE9508100BA40AF /* LaunchScreen.storyboard */ = {
			isa = PBXVariantGroup;
			children = (
				C82B2D6F1FE9508100BA40AF /* Base */,
			);
			name = LaunchScreen.storyboard;
			sourceTree = "<group>";
		};
/* End PBXVariantGroup section */

/* Begin XCBuildConfiguration section */
		093258761FFCC1B80071E1B0 /* Debug */ = {
			isa = XCBuildConfiguration;
			baseConfigurationReference = F16E1AA2181F2D35A5947E58 /* Pods-WeatherForecastTests.debug.xcconfig */;
			buildSettings = {
				BUNDLE_LOADER = "$(TEST_HOST)";
				CODE_SIGN_STYLE = Automatic;
				DEVELOPMENT_TEAM = P258R4GL6F;
				INFOPLIST_FILE = WeatherForecastTests/Info.plist;
				IPHONEOS_DEPLOYMENT_TARGET = 11.1;
				LD_RUNPATH_SEARCH_PATHS = "$(inherited) @executable_path/Frameworks @loader_path/Frameworks";
				PRODUCT_BUNDLE_IDENTIFIER = com.samplelink.WeatherForecastTests;
				PRODUCT_NAME = "$(TARGET_NAME)";
				SWIFT_VERSION = 4.0;
				TARGETED_DEVICE_FAMILY = "1,2";
				TEST_HOST = "$(BUILT_PRODUCTS_DIR)/WeatherForecast.app/WeatherForecast";
			};
			name = Debug;
		};
		093258771FFCC1B80071E1B0 /* Release */ = {
			isa = XCBuildConfiguration;
			baseConfigurationReference = F2B99A2065BBDDD25BF6EE64 /* Pods-WeatherForecastTests.release.xcconfig */;
			buildSettings = {
				BUNDLE_LOADER = "$(TEST_HOST)";
				CODE_SIGN_STYLE = Automatic;
				DEVELOPMENT_TEAM = P258R4GL6F;
				INFOPLIST_FILE = WeatherForecastTests/Info.plist;
				IPHONEOS_DEPLOYMENT_TARGET = 11.1;
				LD_RUNPATH_SEARCH_PATHS = "$(inherited) @executable_path/Frameworks @loader_path/Frameworks";
				PRODUCT_BUNDLE_IDENTIFIER = com.samplelink.WeatherForecastTests;
				PRODUCT_NAME = "$(TARGET_NAME)";
				SWIFT_VERSION = 4.0;
				TARGETED_DEVICE_FAMILY = "1,2";
				TEST_HOST = "$(BUILT_PRODUCTS_DIR)/WeatherForecast.app/WeatherForecast";
			};
			name = Release;
		};
		C82B2D881FE9508100BA40AF /* Debug */ = {
			isa = XCBuildConfiguration;
			buildSettings = {
				ALWAYS_SEARCH_USER_PATHS = NO;
				CLANG_ANALYZER_NONNULL = YES;
				CLANG_ANALYZER_NUMBER_OBJECT_CONVERSION = YES_AGGRESSIVE;
				CLANG_CXX_LANGUAGE_STANDARD = "gnu++14";
				CLANG_CXX_LIBRARY = "libc++";
				CLANG_ENABLE_MODULES = YES;
				CLANG_ENABLE_OBJC_ARC = YES;
				CLANG_WARN_BLOCK_CAPTURE_AUTORELEASING = YES;
				CLANG_WARN_BOOL_CONVERSION = YES;
				CLANG_WARN_COMMA = YES;
				CLANG_WARN_CONSTANT_CONVERSION = YES;
				CLANG_WARN_DIRECT_OBJC_ISA_USAGE = YES_ERROR;
				CLANG_WARN_DOCUMENTATION_COMMENTS = YES;
				CLANG_WARN_EMPTY_BODY = YES;
				CLANG_WARN_ENUM_CONVERSION = YES;
				CLANG_WARN_INFINITE_RECURSION = YES;
				CLANG_WARN_INT_CONVERSION = YES;
				CLANG_WARN_NON_LITERAL_NULL_CONVERSION = YES;
				CLANG_WARN_OBJC_LITERAL_CONVERSION = YES;
				CLANG_WARN_OBJC_ROOT_CLASS = YES_ERROR;
				CLANG_WARN_RANGE_LOOP_ANALYSIS = YES;
				CLANG_WARN_STRICT_PROTOTYPES = YES;
				CLANG_WARN_SUSPICIOUS_MOVE = YES;
				CLANG_WARN_UNGUARDED_AVAILABILITY = YES_AGGRESSIVE;
				CLANG_WARN_UNREACHABLE_CODE = YES;
				CLANG_WARN__DUPLICATE_METHOD_MATCH = YES;
				CODE_SIGN_IDENTITY = "iPhone Developer";
				COPY_PHASE_STRIP = NO;
				DEBUG_INFORMATION_FORMAT = dwarf;
				ENABLE_STRICT_OBJC_MSGSEND = YES;
				ENABLE_TESTABILITY = YES;
				GCC_C_LANGUAGE_STANDARD = gnu11;
				GCC_DYNAMIC_NO_PIC = NO;
				GCC_NO_COMMON_BLOCKS = YES;
				GCC_OPTIMIZATION_LEVEL = 0;
				GCC_PREPROCESSOR_DEFINITIONS = (
					"DEBUG=1",
					"$(inherited)",
				);
				GCC_WARN_64_TO_32_BIT_CONVERSION = YES;
				GCC_WARN_ABOUT_RETURN_TYPE = YES_ERROR;
				GCC_WARN_UNDECLARED_SELECTOR = YES;
				GCC_WARN_UNINITIALIZED_AUTOS = YES_AGGRESSIVE;
				GCC_WARN_UNUSED_FUNCTION = YES;
				GCC_WARN_UNUSED_VARIABLE = YES;
				IPHONEOS_DEPLOYMENT_TARGET = 10.0;
				MTL_ENABLE_DEBUG_INFO = YES;
				ONLY_ACTIVE_ARCH = YES;
				SDKROOT = iphoneos;
				SWIFT_ACTIVE_COMPILATION_CONDITIONS = DEBUG;
				SWIFT_OPTIMIZATION_LEVEL = "-Onone";
			};
			name = Debug;
		};
		C82B2D891FE9508100BA40AF /* Release */ = {
			isa = XCBuildConfiguration;
			buildSettings = {
				ALWAYS_SEARCH_USER_PATHS = NO;
				CLANG_ANALYZER_NONNULL = YES;
				CLANG_ANALYZER_NUMBER_OBJECT_CONVERSION = YES_AGGRESSIVE;
				CLANG_CXX_LANGUAGE_STANDARD = "gnu++14";
				CLANG_CXX_LIBRARY = "libc++";
				CLANG_ENABLE_MODULES = YES;
				CLANG_ENABLE_OBJC_ARC = YES;
				CLANG_WARN_BLOCK_CAPTURE_AUTORELEASING = YES;
				CLANG_WARN_BOOL_CONVERSION = YES;
				CLANG_WARN_COMMA = YES;
				CLANG_WARN_CONSTANT_CONVERSION = YES;
				CLANG_WARN_DIRECT_OBJC_ISA_USAGE = YES_ERROR;
				CLANG_WARN_DOCUMENTATION_COMMENTS = YES;
				CLANG_WARN_EMPTY_BODY = YES;
				CLANG_WARN_ENUM_CONVERSION = YES;
				CLANG_WARN_INFINITE_RECURSION = YES;
				CLANG_WARN_INT_CONVERSION = YES;
				CLANG_WARN_NON_LITERAL_NULL_CONVERSION = YES;
				CLANG_WARN_OBJC_LITERAL_CONVERSION = YES;
				CLANG_WARN_OBJC_ROOT_CLASS = YES_ERROR;
				CLANG_WARN_RANGE_LOOP_ANALYSIS = YES;
				CLANG_WARN_STRICT_PROTOTYPES = YES;
				CLANG_WARN_SUSPICIOUS_MOVE = YES;
				CLANG_WARN_UNGUARDED_AVAILABILITY = YES_AGGRESSIVE;
				CLANG_WARN_UNREACHABLE_CODE = YES;
				CLANG_WARN__DUPLICATE_METHOD_MATCH = YES;
				CODE_SIGN_IDENTITY = "iPhone Developer";
				COPY_PHASE_STRIP = NO;
				DEBUG_INFORMATION_FORMAT = "dwarf-with-dsym";
				ENABLE_NS_ASSERTIONS = NO;
				ENABLE_STRICT_OBJC_MSGSEND = YES;
				GCC_C_LANGUAGE_STANDARD = gnu11;
				GCC_NO_COMMON_BLOCKS = YES;
				GCC_WARN_64_TO_32_BIT_CONVERSION = YES;
				GCC_WARN_ABOUT_RETURN_TYPE = YES_ERROR;
				GCC_WARN_UNDECLARED_SELECTOR = YES;
				GCC_WARN_UNINITIALIZED_AUTOS = YES_AGGRESSIVE;
				GCC_WARN_UNUSED_FUNCTION = YES;
				GCC_WARN_UNUSED_VARIABLE = YES;
				IPHONEOS_DEPLOYMENT_TARGET = 10.0;
				MTL_ENABLE_DEBUG_INFO = NO;
				SDKROOT = iphoneos;
				SWIFT_OPTIMIZATION_LEVEL = "-Owholemodule";
				VALIDATE_PRODUCT = YES;
			};
			name = Release;
		};
		C82B2D8B1FE9508100BA40AF /* Debug */ = {
			isa = XCBuildConfiguration;
			baseConfigurationReference = 4D186D5F02187F020E030F14 /* Pods-WeatherForecast.debug.xcconfig */;
			buildSettings = {
				ASSETCATALOG_COMPILER_APPICON_NAME = AppIcon;
				CODE_SIGN_STYLE = Automatic;
				INFOPLIST_FILE = WeatherForecast/Info.plist;
				LD_RUNPATH_SEARCH_PATHS = "$(inherited) @executable_path/Frameworks";
				PRODUCT_BUNDLE_IDENTIFIER = "com.wipro.-WeatherForecast.WeatherForecast";
				PRODUCT_NAME = "$(TARGET_NAME)";
				SWIFT_VERSION = 4.0;
				TARGETED_DEVICE_FAMILY = "1,2";
			};
			name = Debug;
		};
		C82B2D8C1FE9508100BA40AF /* Release */ = {
			isa = XCBuildConfiguration;
			baseConfigurationReference = 5A8D71A3ECC33520C9DF9CE4 /* Pods-WeatherForecast.release.xcconfig */;
			buildSettings = {
				ASSETCATALOG_COMPILER_APPICON_NAME = AppIcon;
				CODE_SIGN_STYLE = Automatic;
				INFOPLIST_FILE = WeatherForecast/Info.plist;
				LD_RUNPATH_SEARCH_PATHS = "$(inherited) @executable_path/Frameworks";
				PRODUCT_BUNDLE_IDENTIFIER = "com.wipro.-WeatherForecast.WeatherForecast";
				PRODUCT_NAME = "$(TARGET_NAME)";
				SWIFT_VERSION = 4.0;
				TARGETED_DEVICE_FAMILY = "1,2";
			};
			name = Release;
		};
		C82B2D911FE9508100BA40AF /* Debug */ = {
			isa = XCBuildConfiguration;
			baseConfigurationReference = 45AE67393DB4069079725E6E /* Pods-WeatherForecastUITests.debug.xcconfig */;
			buildSettings = {
				ALWAYS_EMBED_SWIFT_STANDARD_LIBRARIES = YES;
				CODE_SIGN_STYLE = Automatic;
				INFOPLIST_FILE = WeatherAppUITests/Info.plist;
				LD_RUNPATH_SEARCH_PATHS = "$(inherited) @executable_path/Frameworks @loader_path/Frameworks";
				PRODUCT_BUNDLE_IDENTIFIER = "com.wipro.-WeatherForecast.WeatherForecastUITests";
				PRODUCT_NAME = "$(TARGET_NAME)";
				SWIFT_VERSION = 4.0;
				TARGETED_DEVICE_FAMILY = "1,2";
				TEST_TARGET_NAME = WeatherApp;
			};
			name = Debug;
		};
		C82B2D921FE9508100BA40AF /* Release */ = {
			isa = XCBuildConfiguration;
			baseConfigurationReference = A6F2DF52427F8FEFCB4320D5 /* Pods-WeatherForecastUITests.release.xcconfig */;
			buildSettings = {
				ALWAYS_EMBED_SWIFT_STANDARD_LIBRARIES = YES;
				CODE_SIGN_STYLE = Automatic;
				INFOPLIST_FILE = WeatherAppUITests/Info.plist;
				LD_RUNPATH_SEARCH_PATHS = "$(inherited) @executable_path/Frameworks @loader_path/Frameworks";
				PRODUCT_BUNDLE_IDENTIFIER = "com.wipro.-WeatherForecast.WeatherForecastUITests";
				PRODUCT_NAME = "$(TARGET_NAME)";
				SWIFT_VERSION = 4.0;
				TARGETED_DEVICE_FAMILY = "1,2";
				TEST_TARGET_NAME = WeatherApp;
			};
			name = Release;
		};
/* End XCBuildConfiguration section */

/* Begin XCConfigurationList section */
		093258751FFCC1B80071E1B0 /* Build configuration list for PBXNativeTarget "WeatherForecastTests" */ = {
			isa = XCConfigurationList;
			buildConfigurations = (
				093258761FFCC1B80071E1B0 /* Debug */,
				093258771FFCC1B80071E1B0 /* Release */,
			);
			defaultConfigurationIsVisible = 0;
			defaultConfigurationName = Release;
		};
		C82B2D5D1FE9508100BA40AF /* Build configuration list for PBXProject "WeatherForecast" */ = {
			isa = XCConfigurationList;
			buildConfigurations = (
				C82B2D881FE9508100BA40AF /* Debug */,
				C82B2D891FE9508100BA40AF /* Release */,
			);
			defaultConfigurationIsVisible = 0;
			defaultConfigurationName = Release;
		};
		C82B2D8A1FE9508100BA40AF /* Build configuration list for PBXNativeTarget "WeatherForecast" */ = {
			isa = XCConfigurationList;
			buildConfigurations = (
				C82B2D8B1FE9508100BA40AF /* Debug */,
				C82B2D8C1FE9508100BA40AF /* Release */,
			);
			defaultConfigurationIsVisible = 0;
			defaultConfigurationName = Release;
		};
		C82B2D901FE9508100BA40AF /* Build configuration list for PBXNativeTarget "WeatherForecastUITests" */ = {
			isa = XCConfigurationList;
			buildConfigurations = (
				C82B2D911FE9508100BA40AF /* Debug */,
				C82B2D921FE9508100BA40AF /* Release */,
			);
			defaultConfigurationIsVisible = 0;
			defaultConfigurationName = Release;
		};
/* End XCConfigurationList section */
	};
	rootObject = C82B2D5A1FE9508100BA40AF /* Project object */;
}
